
Microsoft Visual Studio Solution File, Format Version 12.00
# Visual Studio Version 16
VisualStudioVersion = 16.0.31410.357
MinimumVisualStudioVersion = 10.0.40219.1
Project("{FAE04EC0-301F-11D3-BF4B-00C04F79EFBC}") = "pract10", "pract10\pract10.csproj", "{5E31587C-89EA-4519-A91F-BC1A7B319B54}"
EndProject
Global
	GlobalSection(SolutionConfigurationPlatforms) = preSolution
		Debug|Any CPU = Debug|Any CPU
		Release|Any CPU = Release|Any CPU
	EndGlobalSection
	GlobalSection(ProjectConfigurationPlatforms) = postSolution
		{5E31587C-89EA-4519-A91F-BC1A7B319B54}.Debug|Any CPU.ActiveCfg = Debug|Any CPU
		{5E31587C-89EA-4519-A91F-BC1A7B319B54}.Debug|Any CPU.Build.0 = Debug|Any CPU
		{5E31587C-89EA-4519-A91F-BC1A7B319B54}.Release|Any CPU.ActiveCfg = Release|Any CPU
		{5E31587C-89EA-4519-A91F-BC1A7B319B54}.Release|Any CPU.Build.0 = Release|Any CPU
	EndGlobalSection
	GlobalSection(SolutionProperties) = preSolution
		HideSolutionNode = FALSE
	EndGlobalSection
	GlobalSection(ExtensibilityGlobals) = postSolution
		SolutionGuid = {4CE569A9-5856-43E7-BBBF-530E0ECD84D3}
	EndGlobalSection
EndGlobal
